
Microsoft Visual Studio Solution File, Format Version 12.00
# Visual Studio Version 17
VisualStudioVersion = 17.9.34622.214
MinimumVisualStudioVersion = 10.0.40219.1
Project("{FAE04EC0-301F-11D3-BF4B-00C04F79EFBC}") = "Fitzgerald_Code_Challenge", "Fitzgerald_Code_Challenge.csproj", "{65E72040-C6C8-40BF-BD01-BA1F644020D7}"
EndProject
Global
	GlobalSection(SolutionConfigurationPlatforms) = preSolution
		Debug|Any CPU = Debug|Any CPU
		Release|Any CPU = Release|Any CPU
	EndGlobalSection
	GlobalSection(ProjectConfigurationPlatforms) = postSolution
		{65E72040-C6C8-40BF-BD01-BA1F644020D7}.Debug|Any CPU.ActiveCfg = Release|Any CPU
		{65E72040-C6C8-40BF-BD01-BA1F644020D7}.Debug|Any CPU.Build.0 = Release|Any CPU
		{65E72040-C6C8-40BF-BD01-BA1F644020D7}.Release|Any CPU.ActiveCfg = Release|Any CPU
		{65E72040-C6C8-40BF-BD01-BA1F644020D7}.Release|Any CPU.Build.0 = Release|Any CPU
	EndGlobalSection
	GlobalSection(SolutionProperties) = preSolution
		HideSolutionNode = FALSE
	EndGlobalSection
	GlobalSection(ExtensibilityGlobals) = postSolution
		SolutionGuid = {6F16343C-8479-4395-8021-6862ED487111}
	EndGlobalSection
EndGlobal
